
Microsoft Visual Studio Solution File, Format Version 12.00
# Visual Studio 15
VisualStudioVersion = 15.0.26124.0
MinimumVisualStudioVersion = 15.0.26124.0
Project("{FAE04EC0-301F-11D3-BF4B-00C04F79EFBC}") = "Translation.WebApi", "Translation.WebApi\Translation.WebApi.csproj", "{3C29D982-D73F-4719-8FD1-2245D002F9F6}"
EndProject
Project("{FAE04EC0-301F-11D3-BF4B-00C04F79EFBC}") = "Translation.UI", "Translation.UI\Translation.UI.csproj", "{17C29D1B-993E-4D10-B550-2FC0319B5148}"
EndProject
Global
	GlobalSection(SolutionConfigurationPlatforms) = preSolution
		Debug|Any CPU = Debug|Any CPU
		Debug|x64 = Debug|x64
		Debug|x86 = Debug|x86
		Release|Any CPU = Release|Any CPU
		Release|x64 = Release|x64
		Release|x86 = Release|x86
	EndGlobalSection
	GlobalSection(SolutionProperties) = preSolution
		HideSolutionNode = FALSE
	EndGlobalSection
	GlobalSection(ProjectConfigurationPlatforms) = postSolution
		{3C29D982-D73F-4719-8FD1-2245D002F9F6}.Debug|Any CPU.ActiveCfg = Debug|Any CPU
		{3C29D982-D73F-4719-8FD1-2245D002F9F6}.Debug|Any CPU.Build.0 = Debug|Any CPU
		{3C29D982-D73F-4719-8FD1-2245D002F9F6}.Debug|x64.ActiveCfg = Debug|Any CPU
		{3C29D982-D73F-4719-8FD1-2245D002F9F6}.Debug|x64.Build.0 = Debug|Any CPU
		{3C29D982-D73F-4719-8FD1-2245D002F9F6}.Debug|x86.ActiveCfg = Debug|Any CPU
		{3C29D982-D73F-4719-8FD1-2245D002F9F6}.Debug|x86.Build.0 = Debug|Any CPU
		{3C29D982-D73F-4719-8FD1-2245D002F9F6}.Release|Any CPU.ActiveCfg = Release|Any CPU
		{3C29D982-D73F-4719-8FD1-2245D002F9F6}.Release|Any CPU.Build.0 = Release|Any CPU
		{3C29D982-D73F-4719-8FD1-2245D002F9F6}.Release|x64.ActiveCfg = Release|Any CPU
		{3C29D982-D73F-4719-8FD1-2245D002F9F6}.Release|x64.Build.0 = Release|Any CPU
		{3C29D982-D73F-4719-8FD1-2245D002F9F6}.Release|x86.ActiveCfg = Release|Any CPU
		{3C29D982-D73F-4719-8FD1-2245D002F9F6}.Release|x86.Build.0 = Release|Any CPU
		{17C29D1B-993E-4D10-B550-2FC0319B5148}.Debug|Any CPU.ActiveCfg = Debug|Any CPU
		{17C29D1B-993E-4D10-B550-2FC0319B5148}.Debug|Any CPU.Build.0 = Debug|Any CPU
		{17C29D1B-993E-4D10-B550-2FC0319B5148}.Debug|x64.ActiveCfg = Debug|Any CPU
		{17C29D1B-993E-4D10-B550-2FC0319B5148}.Debug|x64.Build.0 = Debug|Any CPU
		{17C29D1B-993E-4D10-B550-2FC0319B5148}.Debug|x86.ActiveCfg = Debug|Any CPU
		{17C29D1B-993E-4D10-B550-2FC0319B5148}.Debug|x86.Build.0 = Debug|Any CPU
		{17C29D1B-993E-4D10-B550-2FC0319B5148}.Release|Any CPU.ActiveCfg = Release|Any CPU
		{17C29D1B-993E-4D10-B550-2FC0319B5148}.Release|Any CPU.Build.0 = Release|Any CPU
		{17C29D1B-993E-4D10-B550-2FC0319B5148}.Release|x64.ActiveCfg = Release|Any CPU
		{17C29D1B-993E-4D10-B550-2FC0319B5148}.Release|x64.Build.0 = Release|Any CPU
		{17C29D1B-993E-4D10-B550-2FC0319B5148}.Release|x86.ActiveCfg = Release|Any CPU
		{17C29D1B-993E-4D10-B550-2FC0319B5148}.Release|x86.Build.0 = Release|Any CPU
	EndGlobalSection
EndGlobal
